
Microsoft Visual Studio Solution File, Format Version 12.00
# Visual Studio Version 17
VisualStudioVersion = 17.14.36221.1 d17.14
MinimumVisualStudioVersion = 10.0.40219.1
Project("{FAE04EC0-301F-11D3-BF4B-00C04F79EFBC}") = "SquadFinder.Api", "SquadFinder.Api\SquadFinder.Api.csproj", "{BF0360D3-420D-4EAB-9BFB-60716D3FAC4D}"
EndProject
Project("{FAE04EC0-301F-11D3-BF4B-00C04F79EFBC}") = "SquadFinder.Application", "SquadFinder.Application\SquadFinder.Application.csproj", "{BEEF4352-8626-45D4-AB1C-7BCD209ABB5F}"
EndProject
Project("{FAE04EC0-301F-11D3-BF4B-00C04F79EFBC}") = "SquadFinder.Infrastructure", "SquadFinder.Infrastructure\SquadFinder.Infrastructure.csproj", "{AC9DC558-A6BB-47C9-8151-27B15148BCE2}"
EndProject
Global
	GlobalSection(SolutionConfigurationPlatforms) = preSolution
		Debug|Any CPU = Debug|Any CPU
		Release|Any CPU = Release|Any CPU
	EndGlobalSection
	GlobalSection(ProjectConfigurationPlatforms) = postSolution
		{BF0360D3-420D-4EAB-9BFB-60716D3FAC4D}.Debug|Any CPU.ActiveCfg = Debug|Any CPU
		{BF0360D3-420D-4EAB-9BFB-60716D3FAC4D}.Debug|Any CPU.Build.0 = Debug|Any CPU
		{BF0360D3-420D-4EAB-9BFB-60716D3FAC4D}.Release|Any CPU.ActiveCfg = Release|Any CPU
		{BF0360D3-420D-4EAB-9BFB-60716D3FAC4D}.Release|Any CPU.Build.0 = Release|Any CPU
		{BEEF4352-8626-45D4-AB1C-7BCD209ABB5F}.Debug|Any CPU.ActiveCfg = Debug|Any CPU
		{BEEF4352-8626-45D4-AB1C-7BCD209ABB5F}.Debug|Any CPU.Build.0 = Debug|Any CPU
		{BEEF4352-8626-45D4-AB1C-7BCD209ABB5F}.Release|Any CPU.ActiveCfg = Release|Any CPU
		{BEEF4352-8626-45D4-AB1C-7BCD209ABB5F}.Release|Any CPU.Build.0 = Release|Any CPU
		{AC9DC558-A6BB-47C9-8151-27B15148BCE2}.Debug|Any CPU.ActiveCfg = Debug|Any CPU
		{AC9DC558-A6BB-47C9-8151-27B15148BCE2}.Debug|Any CPU.Build.0 = Debug|Any CPU
		{AC9DC558-A6BB-47C9-8151-27B15148BCE2}.Release|Any CPU.ActiveCfg = Release|Any CPU
		{AC9DC558-A6BB-47C9-8151-27B15148BCE2}.Release|Any CPU.Build.0 = Release|Any CPU
	EndGlobalSection
	GlobalSection(SolutionProperties) = preSolution
		HideSolutionNode = FALSE
	EndGlobalSection
	GlobalSection(ExtensibilityGlobals) = postSolution
		SolutionGuid = {B483FD1F-3B69-4D61-A36D-AA1310A52CDE}
	EndGlobalSection
EndGlobal
